
Microsoft Visual Studio Solution File, Format Version 12.00
# Visual Studio Version 16
VisualStudioVersion = 16.0.31515.178
MinimumVisualStudioVersion = 10.0.40219.1
Project("{FAE04EC0-301F-11D3-BF4B-00C04F79EFBC}") = "VehicleRegistrationService", "VehicleRegistrationService\VehicleRegistrationService.csproj", "{A10B6F2F-BB3F-478B-9310-98A45BAAB87E}"
EndProject
Global
	GlobalSection(SolutionConfigurationPlatforms) = preSolution
		Debug|Any CPU = Debug|Any CPU
		Release|Any CPU = Release|Any CPU
	EndGlobalSection
	GlobalSection(ProjectConfigurationPlatforms) = postSolution
		{A10B6F2F-BB3F-478B-9310-98A45BAAB87E}.Debug|Any CPU.ActiveCfg = Debug|Any CPU
		{A10B6F2F-BB3F-478B-9310-98A45BAAB87E}.Debug|Any CPU.Build.0 = Debug|Any CPU
		{A10B6F2F-BB3F-478B-9310-98A45BAAB87E}.Release|Any CPU.ActiveCfg = Release|Any CPU
		{A10B6F2F-BB3F-478B-9310-98A45BAAB87E}.Release|Any CPU.Build.0 = Release|Any CPU
	EndGlobalSection
	GlobalSection(SolutionProperties) = preSolution
		HideSolutionNode = FALSE
	EndGlobalSection
	GlobalSection(ExtensibilityGlobals) = postSolution
		SolutionGuid = {697F1CCF-2C75-4C99-9899-BEEC7457D251}
	EndGlobalSection
EndGlobal
